// !$*UTF8*$!
{
	archiveVersion = 1;
	classes = {
	};
	objectVersion = 46;
	objects = {

/* Begin PBXBuildFile section */
		70C0835115FE9314000A7E8C /* DDLoginViewController.m in Sources */ = {isa = PBXBuildFile; fileRef = 70C0835015FE9314000A7E8C /* DDLoginViewController.m */; };
		70C0835315FE9338000A7E8C /* DDLoginViewController.xib in Resources */ = {isa = PBXBuildFile; fileRef = 70C0835215FE9338000A7E8C /* DDLoginViewController.xib */; };
		960A02CD15F7371C00BA9EB0 /* UIKit.framework in Frameworks */ = {isa = PBXBuildFile; fileRef = 960A02CC15F7371C00BA9EB0 /* UIKit.framework */; };
		960A02CF15F7371C00BA9EB0 /* Foundation.framework in Frameworks */ = {isa = PBXBuildFile; fileRef = 960A02CE15F7371C00BA9EB0 /* Foundation.framework */; };
		960A02D115F7371C00BA9EB0 /* CoreGraphics.framework in Frameworks */ = {isa = PBXBuildFile; fileRef = 960A02D015F7371C00BA9EB0 /* CoreGraphics.framework */; };
		960A02D915F7371D00BA9EB0 /* main.m in Sources */ = {isa = PBXBuildFile; fileRef = 960A02D815F7371D00BA9EB0 /* main.m */; };
		960C7E8C15FDD98400EAF708 /* DDBioViewController.xib in Resources */ = {isa = PBXBuildFile; fileRef = 960C7E8B15FDD98400EAF708 /* DDBioViewController.xib */; };
		960C7E8F15FDD98E00EAF708 /* DDBioViewController.m in Sources */ = {isa = PBXBuildFile; fileRef = 960C7E8E15FDD98E00EAF708 /* DDBioViewController.m */; };
		960C844F15FDF60200EAF708 /* JSTokenButton.m in Sources */ = {isa = PBXBuildFile; fileRef = 960C844815FDF60200EAF708 /* JSTokenButton.m */; };
		960C845015FDF60200EAF708 /* JSTokenField.m in Sources */ = {isa = PBXBuildFile; fileRef = 960C844A15FDF60200EAF708 /* JSTokenField.m */; };
		960C845115FDF60200EAF708 /* tokenHighlighted.png in Resources */ = {isa = PBXBuildFile; fileRef = 960C844B15FDF60200EAF708 /* tokenHighlighted.png */; };
		960C845215FDF60200EAF708 /* tokenHighlighted@2x.png in Resources */ = {isa = PBXBuildFile; fileRef = 960C844C15FDF60200EAF708 /* tokenHighlighted@2x.png */; };
		960C845315FDF60200EAF708 /* tokenNormal.png in Resources */ = {isa = PBXBuildFile; fileRef = 960C844D15FDF60200EAF708 /* tokenNormal.png */; };
		960C845415FDF60200EAF708 /* tokenNormal@2x.png in Resources */ = {isa = PBXBuildFile; fileRef = 960C844E15FDF60200EAF708 /* tokenNormal@2x.png */; };
		960C846415FDFD9400EAF708 /* DDInterestsViewController.m in Sources */ = {isa = PBXBuildFile; fileRef = 960C846315FDFD9400EAF708 /* DDInterestsViewController.m */; };
		960C846615FDFD9900EAF708 /* DDInterestsViewController.xib in Resources */ = {isa = PBXBuildFile; fileRef = 960C846515FDFD9900EAF708 /* DDInterestsViewController.xib */; };
		964A6E7915F7E88F0077AAF1 /* DDBasicInfoViewController.m in Sources */ = {isa = PBXBuildFile; fileRef = 964A6E7815F7E88F0077AAF1 /* DDBasicInfoViewController.m */; };
		964A6E7B15F7E89B0077AAF1 /* DDBasicInfoViewController.xib in Resources */ = {isa = PBXBuildFile; fileRef = 964A6E7A15F7E89B0077AAF1 /* DDBasicInfoViewController.xib */; };
		964A6E9215F812A10077AAF1 /* libRestKit.a in Frameworks */ = {isa = PBXBuildFile; fileRef = 964A6E8915F808B90077AAF1 /* libRestKit.a */; };
		964A6EBA15F814DA0077AAF1 /* CFNetwork.framework in Frameworks */ = {isa = PBXBuildFile; fileRef = 964A6EB915F814DA0077AAF1 /* CFNetwork.framework */; };
		964A6EBC15F814F00077AAF1 /* Security.framework in Frameworks */ = {isa = PBXBuildFile; fileRef = 964A6EBB15F814F00077AAF1 /* Security.framework */; };
		964A6EE115F883E90077AAF1 /* DDTools.m in Sources */ = {isa = PBXBuildFile; fileRef = 964A6EE015F883E90077AAF1 /* DDTools.m */; };
		964A6EF515F894220077AAF1 /* libsbjson-ios.a in Frameworks */ = {isa = PBXBuildFile; fileRef = 964A6EF215F893E80077AAF1 /* libsbjson-ios.a */; };
		964A6EF915F89FDE0077AAF1 /* DDUser.m in Sources */ = {isa = PBXBuildFile; fileRef = 964A6EF815F89FDE0077AAF1 /* DDUser.m */; };
		964A6EFC15F8A0080077AAF1 /* DDAPIObject.m in Sources */ = {isa = PBXBuildFile; fileRef = 964A6EFB15F8A0080077AAF1 /* DDAPIObject.m */; };
		964A6EFF15F8A7420077AAF1 /* DDAuthenticationController.m in Sources */ = {isa = PBXBuildFile; fileRef = 964A6EFE15F8A7410077AAF1 /* DDAuthenticationController.m */; };
		964A6F0215F8AFE90077AAF1 /* DDAPIController.m in Sources */ = {isa = PBXBuildFile; fileRef = 964A6F0115F8AFE90077AAF1 /* DDAPIController.m */; };
		964A6F0515F8B1250077AAF1 /* DDRequestsController.m in Sources */ = {isa = PBXBuildFile; fileRef = 964A6F0415F8B1250077AAF1 /* DDRequestsController.m */; };
		96892C9E15FF10F20054C108 /* doubledates-tab-bar.png in Resources */ = {isa = PBXBuildFile; fileRef = 96892C9A15FF10F20054C108 /* doubledates-tab-bar.png */; };
		96892C9F15FF10F20054C108 /* profile-male-tab-bar.png in Resources */ = {isa = PBXBuildFile; fileRef = 96892C9B15FF10F20054C108 /* profile-male-tab-bar.png */; };
		96892CA015FF10F20054C108 /* wing-tab-bar.png in Resources */ = {isa = PBXBuildFile; fileRef = 96892C9C15FF10F20054C108 /* wing-tab-bar.png */; };
		96892CA115FF10F20054C108 /* woman-tab-bar.png in Resources */ = {isa = PBXBuildFile; fileRef = 96892C9D15FF10F20054C108 /* woman-tab-bar.png */; };
		96892CA915FF15DD0054C108 /* DDMeViewController.m in Sources */ = {isa = PBXBuildFile; fileRef = 96892CA815FF15DD0054C108 /* DDMeViewController.m */; };
		96892CAB15FF15E70054C108 /* DDMeViewController.xib in Resources */ = {isa = PBXBuildFile; fileRef = 96892CAA15FF15E70054C108 /* DDMeViewController.xib */; };
		96892CB315FF1F740054C108 /* DDCompleteRegistrationViewController.m in Sources */ = {isa = PBXBuildFile; fileRef = 96892CB215FF1F740054C108 /* DDCompleteRegistrationViewController.m */; };
		96892CB515FF1F7A0054C108 /* DDCompleteRegistrationViewController.xib in Resources */ = {isa = PBXBuildFile; fileRef = 96892CB415FF1F7A0054C108 /* DDCompleteRegistrationViewController.xib */; };
		96892D3715FF59750054C108 /* DDPlacemark.m in Sources */ = {isa = PBXBuildFile; fileRef = 96892D3615FF59750054C108 /* DDPlacemark.m */; };
		96892D3E15FF5CBD0054C108 /* MapKit.framework in Frameworks */ = {isa = PBXBuildFile; fileRef = 96892D3D15FF5CBC0054C108 /* MapKit.framework */; };
		96892D4B15FF61770054C108 /* DDLocationPickerViewController.m in Sources */ = {isa = PBXBuildFile; fileRef = 96892D4A15FF61770054C108 /* DDLocationPickerViewController.m */; };
		96892D4D15FF61830054C108 /* DDLocationPickerViewController.xib in Resources */ = {isa = PBXBuildFile; fileRef = 96892D4C15FF61830054C108 /* DDLocationPickerViewController.xib */; };
		96892D4F15FF68E40054C108 /* CoreLocation.framework in Frameworks */ = {isa = PBXBuildFile; fileRef = 96892D4E15FF68E40054C108 /* CoreLocation.framework */; };
		96E7F1B315F738CA00200E1F /* DDAppDelegate.m in Sources */ = {isa = PBXBuildFile; fileRef = 96E7F1AC15F738CA00200E1F /* DDAppDelegate.m */; };
		96E7F1B415F738CA00200E1F /* DDWelcomeViewController.m in Sources */ = {isa = PBXBuildFile; fileRef = 96E7F1AF15F738CA00200E1F /* DDWelcomeViewController.m */; };
		96E7F1B515F738CA00200E1F /* DDWelcomeViewController.xib in Resources */ = {isa = PBXBuildFile; fileRef = 96E7F1B215F738CA00200E1F /* DDWelcomeViewController.xib */; };
		96E7F1D315F77EDD00200E1F /* FacebookSDK.framework in Frameworks */ = {isa = PBXBuildFile; fileRef = 96E7F1D215F77EDD00200E1F /* FacebookSDK.framework */; };
		96E7F1E015F780B400200E1F /* MBProgressHUD.m in Sources */ = {isa = PBXBuildFile; fileRef = 96E7F1DF15F780B400200E1F /* MBProgressHUD.m */; };
		96E7F1E315F788A900200E1F /* DDViewController.m in Sources */ = {isa = PBXBuildFile; fileRef = 96E7F1E215F788A900200E1F /* DDViewController.m */; };
		96E7F1E515F78D0200200E1F /* libsqlite3.dylib in Frameworks */ = {isa = PBXBuildFile; fileRef = 96E7F1E415F78D0200200E1F /* libsqlite3.dylib */; };
		96E7F20515F7A06000200E1F /* DDFacebookController.m in Sources */ = {isa = PBXBuildFile; fileRef = 96E7F20415F7A06000200E1F /* DDFacebookController.m */; };
/* End PBXBuildFile section */

/* Begin PBXContainerItemProxy section */
		964A6E8815F808B90077AAF1 /* PBXContainerItemProxy */ = {
			isa = PBXContainerItemProxy;
			containerPortal = 964A6E7D15F808B90077AAF1 /* RestKit.xcodeproj */;
			proxyType = 2;
			remoteGlobalIDString = 25160D1614564E810060A5C5;
			remoteInfo = RestKit;
		};
		964A6E8A15F808B90077AAF1 /* PBXContainerItemProxy */ = {
			isa = PBXContainerItemProxy;
			containerPortal = 964A6E7D15F808B90077AAF1 /* RestKit.xcodeproj */;
			proxyType = 2;
			remoteGlobalIDString = 25160D2614564E820060A5C5;
			remoteInfo = RestKitTests;
		};
		964A6E8C15F808B90077AAF1 /* PBXContainerItemProxy */ = {
			isa = PBXContainerItemProxy;
			containerPortal = 964A6E7D15F808B90077AAF1 /* RestKit.xcodeproj */;
			proxyType = 2;
			remoteGlobalIDString = 25160E62145651060060A5C5;
			remoteInfo = RestKitFramework;
		};
		964A6E8E15F808B90077AAF1 /* PBXContainerItemProxy */ = {
			isa = PBXContainerItemProxy;
			containerPortal = 964A6E7D15F808B90077AAF1 /* RestKit.xcodeproj */;
			proxyType = 2;
			remoteGlobalIDString = 25160E78145651060060A5C5;
			remoteInfo = RestKitFrameworkTests;
		};
		964A6E9015F808B90077AAF1 /* PBXContainerItemProxy */ = {
			isa = PBXContainerItemProxy;
			containerPortal = 964A6E7D15F808B90077AAF1 /* RestKit.xcodeproj */;
			proxyType = 2;
			remoteGlobalIDString = 259C301615128079003066A2;
			remoteInfo = RestKitResources;
		};
		964A6EED15F893E80077AAF1 /* PBXContainerItemProxy */ = {
			isa = PBXContainerItemProxy;
			containerPortal = 964A6EE315F893E70077AAF1 /* SBJson.xcodeproj */;
			proxyType = 2;
			remoteGlobalIDString = BC12323D1391D5CC00131607;
			remoteInfo = SBJson;
		};
		964A6EEF15F893E80077AAF1 /* PBXContainerItemProxy */ = {
			isa = PBXContainerItemProxy;
			containerPortal = 964A6EE315F893E70077AAF1 /* SBJson.xcodeproj */;
			proxyType = 2;
			remoteGlobalIDString = BC1232521391D5CC00131607;
			remoteInfo = SBJsonTests;
		};
		964A6EF115F893E80077AAF1 /* PBXContainerItemProxy */ = {
			isa = PBXContainerItemProxy;
			containerPortal = 964A6EE315F893E70077AAF1 /* SBJson.xcodeproj */;
			proxyType = 2;
			remoteGlobalIDString = BCC2626913920FC7003D9994;
			remoteInfo = "sbjson-ios";
		};
		964A6EF315F893E80077AAF1 /* PBXContainerItemProxy */ = {
			isa = PBXContainerItemProxy;
			containerPortal = 964A6EE315F893E70077AAF1 /* SBJson.xcodeproj */;
			proxyType = 2;
			remoteGlobalIDString = BCC2627313920FC7003D9994;
			remoteInfo = "sbjson-iosTests";
		};
/* End PBXContainerItemProxy section */

/* Begin PBXFileReference section */
		70C0834F15FE9314000A7E8C /* DDLoginViewController.h */ = {isa = PBXFileReference; fileEncoding = 4; lastKnownFileType = sourcecode.c.h; path = DDLoginViewController.h; sourceTree = "<group>"; };
		70C0835015FE9314000A7E8C /* DDLoginViewController.m */ = {isa = PBXFileReference; fileEncoding = 4; lastKnownFileType = sourcecode.c.objc; path = DDLoginViewController.m; sourceTree = "<group>"; };
		70C0835215FE9338000A7E8C /* DDLoginViewController.xib */ = {isa = PBXFileReference; fileEncoding = 4; lastKnownFileType = file.xib; path = DDLoginViewController.xib; sourceTree = "<group>"; };
		960A02C815F7371C00BA9EB0 /* DoubleDate.app */ = {isa = PBXFileReference; explicitFileType = wrapper.application; includeInIndex = 0; path = DoubleDate.app; sourceTree = BUILT_PRODUCTS_DIR; };
		960A02CC15F7371C00BA9EB0 /* UIKit.framework */ = {isa = PBXFileReference; lastKnownFileType = wrapper.framework; name = UIKit.framework; path = System/Library/Frameworks/UIKit.framework; sourceTree = SDKROOT; };
		960A02CE15F7371C00BA9EB0 /* Foundation.framework */ = {isa = PBXFileReference; lastKnownFileType = wrapper.framework; name = Foundation.framework; path = System/Library/Frameworks/Foundation.framework; sourceTree = SDKROOT; };
		960A02D015F7371C00BA9EB0 /* CoreGraphics.framework */ = {isa = PBXFileReference; lastKnownFileType = wrapper.framework; name = CoreGraphics.framework; path = System/Library/Frameworks/CoreGraphics.framework; sourceTree = SDKROOT; };
		960A02D415F7371D00BA9EB0 /* DoubleDate-Info.plist */ = {isa = PBXFileReference; lastKnownFileType = text.plist.xml; path = "DoubleDate-Info.plist"; sourceTree = "<group>"; };
		960A02D815F7371D00BA9EB0 /* main.m */ = {isa = PBXFileReference; lastKnownFileType = sourcecode.c.objc; path = main.m; sourceTree = "<group>"; };
		960A02DA15F7371D00BA9EB0 /* DoubleDate-Prefix.pch */ = {isa = PBXFileReference; lastKnownFileType = sourcecode.c.h; path = "DoubleDate-Prefix.pch"; sourceTree = "<group>"; };
		960C7E8B15FDD98400EAF708 /* DDBioViewController.xib */ = {isa = PBXFileReference; fileEncoding = 4; lastKnownFileType = file.xib; path = DDBioViewController.xib; sourceTree = "<group>"; };
		960C7E8D15FDD98E00EAF708 /* DDBioViewController.h */ = {isa = PBXFileReference; fileEncoding = 4; lastKnownFileType = sourcecode.c.h; path = DDBioViewController.h; sourceTree = "<group>"; };
		960C7E8E15FDD98E00EAF708 /* DDBioViewController.m */ = {isa = PBXFileReference; fileEncoding = 4; lastKnownFileType = sourcecode.c.objc; path = DDBioViewController.m; sourceTree = "<group>"; };
		960C844715FDF60200EAF708 /* JSTokenButton.h */ = {isa = PBXFileReference; fileEncoding = 4; lastKnownFileType = sourcecode.c.h; path = JSTokenButton.h; sourceTree = "<group>"; };
		960C844815FDF60200EAF708 /* JSTokenButton.m */ = {isa = PBXFileReference; fileEncoding = 4; lastKnownFileType = sourcecode.c.objc; path = JSTokenButton.m; sourceTree = "<group>"; };
		960C844915FDF60200EAF708 /* JSTokenField.h */ = {isa = PBXFileReference; fileEncoding = 4; lastKnownFileType = sourcecode.c.h; path = JSTokenField.h; sourceTree = "<group>"; };
		960C844A15FDF60200EAF708 /* JSTokenField.m */ = {isa = PBXFileReference; fileEncoding = 4; lastKnownFileType = sourcecode.c.objc; path = JSTokenField.m; sourceTree = "<group>"; };
		960C844B15FDF60200EAF708 /* tokenHighlighted.png */ = {isa = PBXFileReference; lastKnownFileType = image.png; path = tokenHighlighted.png; sourceTree = "<group>"; };
		960C844C15FDF60200EAF708 /* tokenHighlighted@2x.png */ = {isa = PBXFileReference; lastKnownFileType = image.png; path = "tokenHighlighted@2x.png"; sourceTree = "<group>"; };
		960C844D15FDF60200EAF708 /* tokenNormal.png */ = {isa = PBXFileReference; lastKnownFileType = image.png; path = tokenNormal.png; sourceTree = "<group>"; };
		960C844E15FDF60200EAF708 /* tokenNormal@2x.png */ = {isa = PBXFileReference; lastKnownFileType = image.png; path = "tokenNormal@2x.png"; sourceTree = "<group>"; };
		960C846215FDFD9400EAF708 /* DDInterestsViewController.h */ = {isa = PBXFileReference; fileEncoding = 4; lastKnownFileType = sourcecode.c.h; path = DDInterestsViewController.h; sourceTree = "<group>"; };
		960C846315FDFD9400EAF708 /* DDInterestsViewController.m */ = {isa = PBXFileReference; fileEncoding = 4; lastKnownFileType = sourcecode.c.objc; path = DDInterestsViewController.m; sourceTree = "<group>"; };
		960C846515FDFD9900EAF708 /* DDInterestsViewController.xib */ = {isa = PBXFileReference; fileEncoding = 4; lastKnownFileType = file.xib; path = DDInterestsViewController.xib; sourceTree = "<group>"; };
		964A6E7715F7E88F0077AAF1 /* DDBasicInfoViewController.h */ = {isa = PBXFileReference; fileEncoding = 4; lastKnownFileType = sourcecode.c.h; path = DDBasicInfoViewController.h; sourceTree = "<group>"; };
		964A6E7815F7E88F0077AAF1 /* DDBasicInfoViewController.m */ = {isa = PBXFileReference; fileEncoding = 4; lastKnownFileType = sourcecode.c.objc; path = DDBasicInfoViewController.m; sourceTree = "<group>"; };
		964A6E7A15F7E89B0077AAF1 /* DDBasicInfoViewController.xib */ = {isa = PBXFileReference; fileEncoding = 4; lastKnownFileType = file.xib; path = DDBasicInfoViewController.xib; sourceTree = "<group>"; };
		964A6E7D15F808B90077AAF1 /* RestKit.xcodeproj */ = {isa = PBXFileReference; lastKnownFileType = "wrapper.pb-project"; name = RestKit.xcodeproj; path = RestKit/RestKit.xcodeproj; sourceTree = "<group>"; };
		964A6EB915F814DA0077AAF1 /* CFNetwork.framework */ = {isa = PBXFileReference; lastKnownFileType = wrapper.framework; name = CFNetwork.framework; path = System/Library/Frameworks/CFNetwork.framework; sourceTree = SDKROOT; };
		964A6EBB15F814F00077AAF1 /* Security.framework */ = {isa = PBXFileReference; lastKnownFileType = wrapper.framework; name = Security.framework; path = System/Library/Frameworks/Security.framework; sourceTree = SDKROOT; };
		964A6EDF15F883E90077AAF1 /* DDTools.h */ = {isa = PBXFileReference; fileEncoding = 4; lastKnownFileType = sourcecode.c.h; path = DDTools.h; sourceTree = "<group>"; };
		964A6EE015F883E90077AAF1 /* DDTools.m */ = {isa = PBXFileReference; fileEncoding = 4; lastKnownFileType = sourcecode.c.objc; path = DDTools.m; sourceTree = "<group>"; };
		964A6EE315F893E70077AAF1 /* SBJson.xcodeproj */ = {isa = PBXFileReference; lastKnownFileType = "wrapper.pb-project"; name = SBJson.xcodeproj; path = SBJson/SBJson.xcodeproj; sourceTree = "<group>"; };
		964A6EF715F89FDE0077AAF1 /* DDUser.h */ = {isa = PBXFileReference; fileEncoding = 4; lastKnownFileType = sourcecode.c.h; path = DDUser.h; sourceTree = "<group>"; };
		964A6EF815F89FDE0077AAF1 /* DDUser.m */ = {isa = PBXFileReference; fileEncoding = 4; lastKnownFileType = sourcecode.c.objc; path = DDUser.m; sourceTree = "<group>"; };
		964A6EFA15F8A0080077AAF1 /* DDAPIObject.h */ = {isa = PBXFileReference; fileEncoding = 4; lastKnownFileType = sourcecode.c.h; path = DDAPIObject.h; sourceTree = "<group>"; };
		964A6EFB15F8A0080077AAF1 /* DDAPIObject.m */ = {isa = PBXFileReference; fileEncoding = 4; lastKnownFileType = sourcecode.c.objc; path = DDAPIObject.m; sourceTree = "<group>"; };
		964A6EFD15F8A7410077AAF1 /* DDAuthenticationController.h */ = {isa = PBXFileReference; fileEncoding = 4; lastKnownFileType = sourcecode.c.h; path = DDAuthenticationController.h; sourceTree = "<group>"; };
		964A6EFE15F8A7410077AAF1 /* DDAuthenticationController.m */ = {isa = PBXFileReference; fileEncoding = 4; lastKnownFileType = sourcecode.c.objc; path = DDAuthenticationController.m; sourceTree = "<group>"; };
		964A6F0015F8AFE90077AAF1 /* DDAPIController.h */ = {isa = PBXFileReference; fileEncoding = 4; lastKnownFileType = sourcecode.c.h; path = DDAPIController.h; sourceTree = "<group>"; };
		964A6F0115F8AFE90077AAF1 /* DDAPIController.m */ = {isa = PBXFileReference; fileEncoding = 4; lastKnownFileType = sourcecode.c.objc; path = DDAPIController.m; sourceTree = "<group>"; };
		964A6F0315F8B1250077AAF1 /* DDRequestsController.h */ = {isa = PBXFileReference; fileEncoding = 4; lastKnownFileType = sourcecode.c.h; path = DDRequestsController.h; sourceTree = "<group>"; };
		964A6F0415F8B1250077AAF1 /* DDRequestsController.m */ = {isa = PBXFileReference; fileEncoding = 4; lastKnownFileType = sourcecode.c.objc; path = DDRequestsController.m; sourceTree = "<group>"; };
		96892C9A15FF10F20054C108 /* doubledates-tab-bar.png */ = {isa = PBXFileReference; lastKnownFileType = image.png; path = "doubledates-tab-bar.png"; sourceTree = "<group>"; };
		96892C9B15FF10F20054C108 /* profile-male-tab-bar.png */ = {isa = PBXFileReference; lastKnownFileType = image.png; path = "profile-male-tab-bar.png"; sourceTree = "<group>"; };
		96892C9C15FF10F20054C108 /* wing-tab-bar.png */ = {isa = PBXFileReference; lastKnownFileType = image.png; path = "wing-tab-bar.png"; sourceTree = "<group>"; };
		96892C9D15FF10F20054C108 /* woman-tab-bar.png */ = {isa = PBXFileReference; lastKnownFileType = image.png; path = "woman-tab-bar.png"; sourceTree = "<group>"; };
		96892CA715FF15DD0054C108 /* DDMeViewController.h */ = {isa = PBXFileReference; fileEncoding = 4; lastKnownFileType = sourcecode.c.h; path = DDMeViewController.h; sourceTree = "<group>"; };
		96892CA815FF15DD0054C108 /* DDMeViewController.m */ = {isa = PBXFileReference; fileEncoding = 4; lastKnownFileType = sourcecode.c.objc; path = DDMeViewController.m; sourceTree = "<group>"; };
		96892CAA15FF15E70054C108 /* DDMeViewController.xib */ = {isa = PBXFileReference; fileEncoding = 4; lastKnownFileType = file.xib; path = DDMeViewController.xib; sourceTree = "<group>"; };
		96892CB115FF1F740054C108 /* DDCompleteRegistrationViewController.h */ = {isa = PBXFileReference; fileEncoding = 4; lastKnownFileType = sourcecode.c.h; path = DDCompleteRegistrationViewController.h; sourceTree = "<group>"; };
		96892CB215FF1F740054C108 /* DDCompleteRegistrationViewController.m */ = {isa = PBXFileReference; fileEncoding = 4; lastKnownFileType = sourcecode.c.objc; path = DDCompleteRegistrationViewController.m; sourceTree = "<group>"; };
		96892CB415FF1F7A0054C108 /* DDCompleteRegistrationViewController.xib */ = {isa = PBXFileReference; fileEncoding = 4; lastKnownFileType = file.xib; path = DDCompleteRegistrationViewController.xib; sourceTree = "<group>"; };
		96892D3515FF59750054C108 /* DDPlacemark.h */ = {isa = PBXFileReference; fileEncoding = 4; lastKnownFileType = sourcecode.c.h; path = DDPlacemark.h; sourceTree = "<group>"; };
		96892D3615FF59750054C108 /* DDPlacemark.m */ = {isa = PBXFileReference; fileEncoding = 4; lastKnownFileType = sourcecode.c.objc; path = DDPlacemark.m; sourceTree = "<group>"; };
		96892D3D15FF5CBC0054C108 /* MapKit.framework */ = {isa = PBXFileReference; lastKnownFileType = wrapper.framework; name = MapKit.framework; path = System/Library/Frameworks/MapKit.framework; sourceTree = SDKROOT; };
		96892D4915FF61770054C108 /* DDLocationPickerViewController.h */ = {isa = PBXFileReference; fileEncoding = 4; lastKnownFileType = sourcecode.c.h; path = DDLocationPickerViewController.h; sourceTree = "<group>"; };
		96892D4A15FF61770054C108 /* DDLocationPickerViewController.m */ = {isa = PBXFileReference; fileEncoding = 4; lastKnownFileType = sourcecode.c.objc; path = DDLocationPickerViewController.m; sourceTree = "<group>"; };
		96892D4C15FF61830054C108 /* DDLocationPickerViewController.xib */ = {isa = PBXFileReference; fileEncoding = 4; lastKnownFileType = file.xib; path = DDLocationPickerViewController.xib; sourceTree = "<group>"; };
		96892D4E15FF68E40054C108 /* CoreLocation.framework */ = {isa = PBXFileReference; lastKnownFileType = wrapper.framework; name = CoreLocation.framework; path = System/Library/Frameworks/CoreLocation.framework; sourceTree = SDKROOT; };
		96E7F1AB15F738CA00200E1F /* DDAppDelegate.h */ = {isa = PBXFileReference; fileEncoding = 4; lastKnownFileType = sourcecode.c.h; path = DDAppDelegate.h; sourceTree = "<group>"; };
		96E7F1AC15F738CA00200E1F /* DDAppDelegate.m */ = {isa = PBXFileReference; fileEncoding = 4; lastKnownFileType = sourcecode.c.objc; path = DDAppDelegate.m; sourceTree = "<group>"; };
		96E7F1AE15F738CA00200E1F /* DDWelcomeViewController.h */ = {isa = PBXFileReference; fileEncoding = 4; lastKnownFileType = sourcecode.c.h; path = DDWelcomeViewController.h; sourceTree = "<group>"; };
		96E7F1AF15F738CA00200E1F /* DDWelcomeViewController.m */ = {isa = PBXFileReference; fileEncoding = 4; lastKnownFileType = sourcecode.c.objc; path = DDWelcomeViewController.m; sourceTree = "<group>"; };
		96E7F1B215F738CA00200E1F /* DDWelcomeViewController.xib */ = {isa = PBXFileReference; fileEncoding = 4; lastKnownFileType = file.xib; path = DDWelcomeViewController.xib; sourceTree = "<group>"; };
		96E7F1D215F77EDD00200E1F /* FacebookSDK.framework */ = {isa = PBXFileReference; lastKnownFileType = wrapper.framework; path = FacebookSDK.framework; sourceTree = "<group>"; };
		96E7F1DE15F780B400200E1F /* MBProgressHUD.h */ = {isa = PBXFileReference; fileEncoding = 4; lastKnownFileType = sourcecode.c.h; path = MBProgressHUD.h; sourceTree = "<group>"; };
		96E7F1DF15F780B400200E1F /* MBProgressHUD.m */ = {isa = PBXFileReference; fileEncoding = 4; lastKnownFileType = sourcecode.c.objc; path = MBProgressHUD.m; sourceTree = "<group>"; };
		96E7F1E115F788A900200E1F /* DDViewController.h */ = {isa = PBXFileReference; fileEncoding = 4; lastKnownFileType = sourcecode.c.h; path = DDViewController.h; sourceTree = "<group>"; };
		96E7F1E215F788A900200E1F /* DDViewController.m */ = {isa = PBXFileReference; fileEncoding = 4; lastKnownFileType = sourcecode.c.objc; path = DDViewController.m; sourceTree = "<group>"; };
		96E7F1E415F78D0200200E1F /* libsqlite3.dylib */ = {isa = PBXFileReference; lastKnownFileType = "compiled.mach-o.dylib"; name = libsqlite3.dylib; path = usr/lib/libsqlite3.dylib; sourceTree = SDKROOT; };
		96E7F20315F7A06000200E1F /* DDFacebookController.h */ = {isa = PBXFileReference; fileEncoding = 4; lastKnownFileType = sourcecode.c.h; path = DDFacebookController.h; sourceTree = "<group>"; };
		96E7F20415F7A06000200E1F /* DDFacebookController.m */ = {isa = PBXFileReference; fileEncoding = 4; lastKnownFileType = sourcecode.c.objc; path = DDFacebookController.m; sourceTree = "<group>"; };
/* End PBXFileReference section */

/* Begin PBXFrameworksBuildPhase section */
		960A02C515F7371C00BA9EB0 /* Frameworks */ = {
			isa = PBXFrameworksBuildPhase;
			buildActionMask = 2147483647;
			files = (
				96892D4F15FF68E40054C108 /* CoreLocation.framework in Frameworks */,
				96892D3E15FF5CBD0054C108 /* MapKit.framework in Frameworks */,
				964A6EF515F894220077AAF1 /* libsbjson-ios.a in Frameworks */,
				964A6EBC15F814F00077AAF1 /* Security.framework in Frameworks */,
				964A6EBA15F814DA0077AAF1 /* CFNetwork.framework in Frameworks */,
				964A6E9215F812A10077AAF1 /* libRestKit.a in Frameworks */,
				96E7F1E515F78D0200200E1F /* libsqlite3.dylib in Frameworks */,
				960A02CD15F7371C00BA9EB0 /* UIKit.framework in Frameworks */,
				960A02CF15F7371C00BA9EB0 /* Foundation.framework in Frameworks */,
				960A02D115F7371C00BA9EB0 /* CoreGraphics.framework in Frameworks */,
				96E7F1D315F77EDD00200E1F /* FacebookSDK.framework in Frameworks */,
			);
			runOnlyForDeploymentPostprocessing = 0;
		};
/* End PBXFrameworksBuildPhase section */

/* Begin PBXGroup section */
		960A02BD15F7371C00BA9EB0 = {
			isa = PBXGroup;
			children = (
				960A02D215F7371C00BA9EB0 /* DoubleDate */,
				960A02CB15F7371C00BA9EB0 /* Frameworks */,
				960A02C915F7371C00BA9EB0 /* Products */,
			);
			sourceTree = "<group>";
		};
		960A02C915F7371C00BA9EB0 /* Products */ = {
			isa = PBXGroup;
			children = (
				960A02C815F7371C00BA9EB0 /* DoubleDate.app */,
			);
			name = Products;
			sourceTree = "<group>";
		};
		960A02CB15F7371C00BA9EB0 /* Frameworks */ = {
			isa = PBXGroup;
			children = (
				96892D4E15FF68E40054C108 /* CoreLocation.framework */,
				96892D3D15FF5CBC0054C108 /* MapKit.framework */,
				96E7F1E415F78D0200200E1F /* libsqlite3.dylib */,
				964A6EBB15F814F00077AAF1 /* Security.framework */,
				964A6EB915F814DA0077AAF1 /* CFNetwork.framework */,
				960A02CC15F7371C00BA9EB0 /* UIKit.framework */,
				960A02CE15F7371C00BA9EB0 /* Foundation.framework */,
				960A02D015F7371C00BA9EB0 /* CoreGraphics.framework */,
			);
			name = Frameworks;
			sourceTree = "<group>";
		};
		960A02D215F7371C00BA9EB0 /* DoubleDate */ = {
			isa = PBXGroup;
			children = (
				964A6EF615F89FDE0077AAF1 /* API */,
				964A6EDE15F883E90077AAF1 /* Other */,
				96E7F1D015F77EDD00200E1F /* Third */,
				96E7F1A915F738CA00200E1F /* Classes */,
				96E7F1B015F738CA00200E1F /* Images */,
				96E7F1B115F738CA00200E1F /* Resources */,
				960A02D315F7371D00BA9EB0 /* Supporting Files */,
			);
			path = DoubleDate;
			sourceTree = "<group>";
		};
		960A02D315F7371D00BA9EB0 /* Supporting Files */ = {
			isa = PBXGroup;
			children = (
				960A02D415F7371D00BA9EB0 /* DoubleDate-Info.plist */,
				960A02D815F7371D00BA9EB0 /* main.m */,
				960A02DA15F7371D00BA9EB0 /* DoubleDate-Prefix.pch */,
			);
			name = "Supporting Files";
			sourceTree = "<group>";
		};
		960C844615FDF60200EAF708 /* JSTokenField */ = {
			isa = PBXGroup;
			children = (
				960C844715FDF60200EAF708 /* JSTokenButton.h */,
				960C844815FDF60200EAF708 /* JSTokenButton.m */,
				960C844915FDF60200EAF708 /* JSTokenField.h */,
				960C844A15FDF60200EAF708 /* JSTokenField.m */,
				960C844B15FDF60200EAF708 /* tokenHighlighted.png */,
				960C844C15FDF60200EAF708 /* tokenHighlighted@2x.png */,
				960C844D15FDF60200EAF708 /* tokenNormal.png */,
				960C844E15FDF60200EAF708 /* tokenNormal@2x.png */,
			);
			path = JSTokenField;
			sourceTree = "<group>";
		};
		964A6E7C15F808AF0077AAF1 /* RestKit */ = {
			isa = PBXGroup;
			children = (
				964A6E7D15F808B90077AAF1 /* RestKit.xcodeproj */,
			);
			name = RestKit;
			sourceTree = "<group>";
		};
		964A6E7E15F808B90077AAF1 /* Products */ = {
			isa = PBXGroup;
			children = (
				964A6E8915F808B90077AAF1 /* libRestKit.a */,
				964A6E8B15F808B90077AAF1 /* RestKitTests.octest */,
				964A6E8D15F808B90077AAF1 /* RestKit.framework */,
				964A6E8F15F808B90077AAF1 /* RestKitFrameworkTests.octest */,
				964A6E9115F808B90077AAF1 /* RestKitResources.bundle */,
			);
			name = Products;
			sourceTree = "<group>";
		};
		964A6EDE15F883E90077AAF1 /* Other */ = {
			isa = PBXGroup;
			children = (
				964A6EDF15F883E90077AAF1 /* DDTools.h */,
				964A6EE015F883E90077AAF1 /* DDTools.m */,
			);
			name = Other;
			path = Classes/Other;
			sourceTree = "<group>";
		};
		964A6EE215F893DC0077AAF1 /* SBJson */ = {
			isa = PBXGroup;
			children = (
				964A6EE315F893E70077AAF1 /* SBJson.xcodeproj */,
			);
			name = SBJson;
			sourceTree = "<group>";
		};
		964A6EE415F893E70077AAF1 /* Products */ = {
			isa = PBXGroup;
			children = (
				964A6EEE15F893E80077AAF1 /* SBJson.framework */,
				964A6EF015F893E80077AAF1 /* SBJsonTests.octest */,
				964A6EF215F893E80077AAF1 /* libsbjson-ios.a */,
				964A6EF415F893E80077AAF1 /* sbjson-iosTests.octest */,
			);
			name = Products;
			sourceTree = "<group>";
		};
		964A6EF615F89FDE0077AAF1 /* API */ = {
			isa = PBXGroup;
			children = (
				96892D3515FF59750054C108 /* DDPlacemark.h */,
				96892D3615FF59750054C108 /* DDPlacemark.m */,
				964A6EF715F89FDE0077AAF1 /* DDUser.h */,
				964A6EF815F89FDE0077AAF1 /* DDUser.m */,
				964A6EFA15F8A0080077AAF1 /* DDAPIObject.h */,
				964A6EFB15F8A0080077AAF1 /* DDAPIObject.m */,
			);
			name = API;
			path = Classes/API;
			sourceTree = "<group>";
		};
		96E7F1A915F738CA00200E1F /* Classes */ = {
			isa = PBXGroup;
			children = (
				96E7F20215F7A05F00200E1F /* Controllers */,
				96E7F1AA15F738CA00200E1F /* AppDelegate */,
				96E7F1AD15F738CA00200E1F /* ViewControllers */,
			);
			path = Classes;
			sourceTree = "<group>";
		};
		96E7F1AA15F738CA00200E1F /* AppDelegate */ = {
			isa = PBXGroup;
			children = (
				96E7F1AB15F738CA00200E1F /* DDAppDelegate.h */,
				96E7F1AC15F738CA00200E1F /* DDAppDelegate.m */,
			);
			path = AppDelegate;
			sourceTree = "<group>";
		};
		96E7F1AD15F738CA00200E1F /* ViewControllers */ = {
			isa = PBXGroup;
			children = (
				96892D4915FF61770054C108 /* DDLocationPickerViewController.h */,
				96892D4A15FF61770054C108 /* DDLocationPickerViewController.m */,
				96892CB115FF1F740054C108 /* DDCompleteRegistrationViewController.h */,
				96892CB215FF1F740054C108 /* DDCompleteRegistrationViewController.m */,
				96892CA715FF15DD0054C108 /* DDMeViewController.h */,
				96892CA815FF15DD0054C108 /* DDMeViewController.m */,
				70C0834F15FE9314000A7E8C /* DDLoginViewController.h */,
				70C0835015FE9314000A7E8C /* DDLoginViewController.m */,
				960C846215FDFD9400EAF708 /* DDInterestsViewController.h */,
				960C846315FDFD9400EAF708 /* DDInterestsViewController.m */,
				960C7E8D15FDD98E00EAF708 /* DDBioViewController.h */,
				960C7E8E15FDD98E00EAF708 /* DDBioViewController.m */,
				964A6E7715F7E88F0077AAF1 /* DDBasicInfoViewController.h */,
				964A6E7815F7E88F0077AAF1 /* DDBasicInfoViewController.m */,
				96E7F1AE15F738CA00200E1F /* DDWelcomeViewController.h */,
				96E7F1AF15F738CA00200E1F /* DDWelcomeViewController.m */,
				96E7F1E115F788A900200E1F /* DDViewController.h */,
				96E7F1E215F788A900200E1F /* DDViewController.m */,
			);
			path = ViewControllers;
			sourceTree = "<group>";
		};
		96E7F1B015F738CA00200E1F /* Images */ = {
			isa = PBXGroup;
			children = (
				96892C9A15FF10F20054C108 /* doubledates-tab-bar.png */,
				96892C9B15FF10F20054C108 /* profile-male-tab-bar.png */,
				96892C9C15FF10F20054C108 /* wing-tab-bar.png */,
				96892C9D15FF10F20054C108 /* woman-tab-bar.png */,
			);
			path = Images;
			sourceTree = "<group>";
		};
		96E7F1B115F738CA00200E1F /* Resources */ = {
			isa = PBXGroup;
			children = (
				96892D4C15FF61830054C108 /* DDLocationPickerViewController.xib */,
				96892CB415FF1F7A0054C108 /* DDCompleteRegistrationViewController.xib */,
				96892CAA15FF15E70054C108 /* DDMeViewController.xib */,
				70C0835215FE9338000A7E8C /* DDLoginViewController.xib */,
				960C846515FDFD9900EAF708 /* DDInterestsViewController.xib */,
				960C7E8B15FDD98400EAF708 /* DDBioViewController.xib */,
				964A6E7A15F7E89B0077AAF1 /* DDBasicInfoViewController.xib */,
				96E7F1B215F738CA00200E1F /* DDWelcomeViewController.xib */,
			);
			path = Resources;
			sourceTree = "<group>";
		};
		96E7F1D015F77EDD00200E1F /* Third */ = {
			isa = PBXGroup;
			children = (
				960C844615FDF60200EAF708 /* JSTokenField */,
				964A6EE215F893DC0077AAF1 /* SBJson */,
				964A6E7C15F808AF0077AAF1 /* RestKit */,
				96E7F1DD15F780B400200E1F /* MBProgressHUD */,
				96E7F1D115F77EDD00200E1F /* Facebook */,
			);
			path = Third;
			sourceTree = "<group>";
		};
		96E7F1D115F77EDD00200E1F /* Facebook */ = {
			isa = PBXGroup;
			children = (
				96E7F1D215F77EDD00200E1F /* FacebookSDK.framework */,
			);
			path = Facebook;
			sourceTree = "<group>";
		};
		96E7F1DD15F780B400200E1F /* MBProgressHUD */ = {
			isa = PBXGroup;
			children = (
				96E7F1DE15F780B400200E1F /* MBProgressHUD.h */,
				96E7F1DF15F780B400200E1F /* MBProgressHUD.m */,
			);
			path = MBProgressHUD;
			sourceTree = "<group>";
		};
		96E7F20215F7A05F00200E1F /* Controllers */ = {
			isa = PBXGroup;
			children = (
				964A6F0315F8B1250077AAF1 /* DDRequestsController.h */,
				964A6F0415F8B1250077AAF1 /* DDRequestsController.m */,
				964A6F0015F8AFE90077AAF1 /* DDAPIController.h */,
				964A6F0115F8AFE90077AAF1 /* DDAPIController.m */,
				964A6EFD15F8A7410077AAF1 /* DDAuthenticationController.h */,
				964A6EFE15F8A7410077AAF1 /* DDAuthenticationController.m */,
				96E7F20315F7A06000200E1F /* DDFacebookController.h */,
				96E7F20415F7A06000200E1F /* DDFacebookController.m */,
			);
			path = Controllers;
			sourceTree = "<group>";
		};
/* End PBXGroup section */

/* Begin PBXNativeTarget section */
		960A02C715F7371C00BA9EB0 /* DoubleDate */ = {
			isa = PBXNativeTarget;
			buildConfigurationList = 960A02E615F7371D00BA9EB0 /* Build configuration list for PBXNativeTarget "DoubleDate" */;
			buildPhases = (
				960A02C415F7371C00BA9EB0 /* Sources */,
				960A02C515F7371C00BA9EB0 /* Frameworks */,
				960A02C615F7371C00BA9EB0 /* Resources */,
			);
			buildRules = (
			);
			dependencies = (
			);
			name = DoubleDate;
			productName = DoubleDate;
			productReference = 960A02C815F7371C00BA9EB0 /* DoubleDate.app */;
			productType = "com.apple.product-type.application";
		};
/* End PBXNativeTarget section */

/* Begin PBXProject section */
		960A02BF15F7371C00BA9EB0 /* Project object */ = {
			isa = PBXProject;
			attributes = {
				CLASSPREFIX = DD;
				LastUpgradeCheck = 0440;
				ORGANIZATIONNAME = "Gennadii Ivanov";
			};
			buildConfigurationList = 960A02C215F7371C00BA9EB0 /* Build configuration list for PBXProject "DoubleDate" */;
			compatibilityVersion = "Xcode 3.2";
			developmentRegion = English;
			hasScannedForEncodings = 0;
			knownRegions = (
				en,
			);
			mainGroup = 960A02BD15F7371C00BA9EB0;
			productRefGroup = 960A02C915F7371C00BA9EB0 /* Products */;
			projectDirPath = "";
			projectReferences = (
				{
					ProductGroup = 964A6E7E15F808B90077AAF1 /* Products */;
					ProjectRef = 964A6E7D15F808B90077AAF1 /* RestKit.xcodeproj */;
				},
				{
					ProductGroup = 964A6EE415F893E70077AAF1 /* Products */;
					ProjectRef = 964A6EE315F893E70077AAF1 /* SBJson.xcodeproj */;
				},
			);
			projectRoot = "";
			targets = (
				960A02C715F7371C00BA9EB0 /* DoubleDate */,
			);
		};
/* End PBXProject section */

/* Begin PBXReferenceProxy section */
		964A6E8915F808B90077AAF1 /* libRestKit.a */ = {
			isa = PBXReferenceProxy;
			fileType = archive.ar;
			path = libRestKit.a;
			remoteRef = 964A6E8815F808B90077AAF1 /* PBXContainerItemProxy */;
			sourceTree = BUILT_PRODUCTS_DIR;
		};
		964A6E8B15F808B90077AAF1 /* RestKitTests.octest */ = {
			isa = PBXReferenceProxy;
			fileType = wrapper.cfbundle;
			path = RestKitTests.octest;
			remoteRef = 964A6E8A15F808B90077AAF1 /* PBXContainerItemProxy */;
			sourceTree = BUILT_PRODUCTS_DIR;
		};
		964A6E8D15F808B90077AAF1 /* RestKit.framework */ = {
			isa = PBXReferenceProxy;
			fileType = wrapper.framework;
			path = RestKit.framework;
			remoteRef = 964A6E8C15F808B90077AAF1 /* PBXContainerItemProxy */;
			sourceTree = BUILT_PRODUCTS_DIR;
		};
		964A6E8F15F808B90077AAF1 /* RestKitFrameworkTests.octest */ = {
			isa = PBXReferenceProxy;
			fileType = wrapper.cfbundle;
			path = RestKitFrameworkTests.octest;
			remoteRef = 964A6E8E15F808B90077AAF1 /* PBXContainerItemProxy */;
			sourceTree = BUILT_PRODUCTS_DIR;
		};
		964A6E9115F808B90077AAF1 /* RestKitResources.bundle */ = {
			isa = PBXReferenceProxy;
			fileType = wrapper.cfbundle;
			path = RestKitResources.bundle;
			remoteRef = 964A6E9015F808B90077AAF1 /* PBXContainerItemProxy */;
			sourceTree = BUILT_PRODUCTS_DIR;
		};
		964A6EEE15F893E80077AAF1 /* SBJson.framework */ = {
			isa = PBXReferenceProxy;
			fileType = wrapper.framework;
			path = SBJson.framework;
			remoteRef = 964A6EED15F893E80077AAF1 /* PBXContainerItemProxy */;
			sourceTree = BUILT_PRODUCTS_DIR;
		};
		964A6EF015F893E80077AAF1 /* SBJsonTests.octest */ = {
			isa = PBXReferenceProxy;
			fileType = wrapper.cfbundle;
			path = SBJsonTests.octest;
			remoteRef = 964A6EEF15F893E80077AAF1 /* PBXContainerItemProxy */;
			sourceTree = BUILT_PRODUCTS_DIR;
		};
		964A6EF215F893E80077AAF1 /* libsbjson-ios.a */ = {
			isa = PBXReferenceProxy;
			fileType = archive.ar;
			path = "libsbjson-ios.a";
			remoteRef = 964A6EF115F893E80077AAF1 /* PBXContainerItemProxy */;
			sourceTree = BUILT_PRODUCTS_DIR;
		};
		964A6EF415F893E80077AAF1 /* sbjson-iosTests.octest */ = {
			isa = PBXReferenceProxy;
			fileType = wrapper.cfbundle;
			path = "sbjson-iosTests.octest";
			remoteRef = 964A6EF315F893E80077AAF1 /* PBXContainerItemProxy */;
			sourceTree = BUILT_PRODUCTS_DIR;
		};
/* End PBXReferenceProxy section */

/* Begin PBXResourcesBuildPhase section */
		960A02C615F7371C00BA9EB0 /* Resources */ = {
			isa = PBXResourcesBuildPhase;
			buildActionMask = 2147483647;
			files = (
				96E7F1B515F738CA00200E1F /* DDWelcomeViewController.xib in Resources */,
				964A6E7B15F7E89B0077AAF1 /* DDBasicInfoViewController.xib in Resources */,
				960C7E8C15FDD98400EAF708 /* DDBioViewController.xib in Resources */,
				960C845115FDF60200EAF708 /* tokenHighlighted.png in Resources */,
				960C845215FDF60200EAF708 /* tokenHighlighted@2x.png in Resources */,
				960C845315FDF60200EAF708 /* tokenNormal.png in Resources */,
				960C845415FDF60200EAF708 /* tokenNormal@2x.png in Resources */,
				960C846615FDFD9900EAF708 /* DDInterestsViewController.xib in Resources */,
				70C0835315FE9338000A7E8C /* DDLoginViewController.xib in Resources */,
				96892C9E15FF10F20054C108 /* doubledates-tab-bar.png in Resources */,
				96892C9F15FF10F20054C108 /* profile-male-tab-bar.png in Resources */,
				96892CA015FF10F20054C108 /* wing-tab-bar.png in Resources */,
				96892CA115FF10F20054C108 /* woman-tab-bar.png in Resources */,
				96892CAB15FF15E70054C108 /* DDMeViewController.xib in Resources */,
				96892CB515FF1F7A0054C108 /* DDCompleteRegistrationViewController.xib in Resources */,
				96892D4D15FF61830054C108 /* DDLocationPickerViewController.xib in Resources */,
			);
			runOnlyForDeploymentPostprocessing = 0;
		};
/* End PBXResourcesBuildPhase section */

/* Begin PBXSourcesBuildPhase section */
		960A02C415F7371C00BA9EB0 /* Sources */ = {
			isa = PBXSourcesBuildPhase;
			buildActionMask = 2147483647;
			files = (
				960A02D915F7371D00BA9EB0 /* main.m in Sources */,
				96E7F1B315F738CA00200E1F /* DDAppDelegate.m in Sources */,
				96E7F1B415F738CA00200E1F /* DDWelcomeViewController.m in Sources */,
				96E7F1E015F780B400200E1F /* MBProgressHUD.m in Sources */,
				96E7F1E315F788A900200E1F /* DDViewController.m in Sources */,
				96E7F20515F7A06000200E1F /* DDFacebookController.m in Sources */,
				964A6E7915F7E88F0077AAF1 /* DDBasicInfoViewController.m in Sources */,
				964A6EE115F883E90077AAF1 /* DDTools.m in Sources */,
				964A6EF915F89FDE0077AAF1 /* DDUser.m in Sources */,
				964A6EFC15F8A0080077AAF1 /* DDAPIObject.m in Sources */,
				964A6EFF15F8A7420077AAF1 /* DDAuthenticationController.m in Sources */,
				964A6F0215F8AFE90077AAF1 /* DDAPIController.m in Sources */,
				964A6F0515F8B1250077AAF1 /* DDRequestsController.m in Sources */,
				960C7E8F15FDD98E00EAF708 /* DDBioViewController.m in Sources */,
				960C844F15FDF60200EAF708 /* JSTokenButton.m in Sources */,
				960C845015FDF60200EAF708 /* JSTokenField.m in Sources */,
				960C846415FDFD9400EAF708 /* DDInterestsViewController.m in Sources */,
				70C0835115FE9314000A7E8C /* DDLoginViewController.m in Sources */,
				96892CA915FF15DD0054C108 /* DDMeViewController.m in Sources */,
				96892CB315FF1F740054C108 /* DDCompleteRegistrationViewController.m in Sources */,
				96892D3715FF59750054C108 /* DDPlacemark.m in Sources */,
				96892D4B15FF61770054C108 /* DDLocationPickerViewController.m in Sources */,
			);
			runOnlyForDeploymentPostprocessing = 0;
		};
/* End PBXSourcesBuildPhase section */

/* Begin XCBuildConfiguration section */
		960A02E415F7371D00BA9EB0 /* Debug */ = {
			isa = XCBuildConfiguration;
			buildSettings = {
				ALWAYS_SEARCH_USER_PATHS = NO;
				ARCHS = "$(ARCHS_STANDARD_32_BIT)";
				CLANG_CXX_LANGUAGE_STANDARD = "gnu++0x";
				CLANG_WARN__DUPLICATE_METHOD_MATCH = YES;
				"CODE_SIGN_IDENTITY[sdk=iphoneos*]" = "iPhone Developer";
				COPY_PHASE_STRIP = NO;
				GCC_C_LANGUAGE_STANDARD = gnu99;
				GCC_DYNAMIC_NO_PIC = NO;
				GCC_OPTIMIZATION_LEVEL = 0;
				GCC_PREPROCESSOR_DEFINITIONS = (
					"DEBUG=1",
					"$(inherited)",
				);
				GCC_SYMBOLS_PRIVATE_EXTERN = NO;
				GCC_VERSION = com.apple.compilers.llvm.clang.1_0;
				GCC_WARN_ABOUT_RETURN_TYPE = YES;
				GCC_WARN_UNINITIALIZED_AUTOS = YES;
				GCC_WARN_UNUSED_VARIABLE = YES;
				IPHONEOS_DEPLOYMENT_TARGET = 5.1;
				SDKROOT = iphoneos;
			};
			name = Debug;
		};
		960A02E515F7371D00BA9EB0 /* Release */ = {
			isa = XCBuildConfiguration;
			buildSettings = {
				ALWAYS_SEARCH_USER_PATHS = NO;
				ARCHS = "$(ARCHS_STANDARD_32_BIT)";
				CLANG_CXX_LANGUAGE_STANDARD = "gnu++0x";
				CLANG_WARN__DUPLICATE_METHOD_MATCH = YES;
				"CODE_SIGN_IDENTITY[sdk=iphoneos*]" = "iPhone Developer";
				COPY_PHASE_STRIP = YES;
				GCC_C_LANGUAGE_STANDARD = gnu99;
				GCC_VERSION = com.apple.compilers.llvm.clang.1_0;
				GCC_WARN_ABOUT_RETURN_TYPE = YES;
				GCC_WARN_UNINITIALIZED_AUTOS = YES;
				GCC_WARN_UNUSED_VARIABLE = YES;
				IPHONEOS_DEPLOYMENT_TARGET = 5.1;
				OTHER_CFLAGS = "-DNS_BLOCK_ASSERTIONS=1";
				SDKROOT = iphoneos;
				VALIDATE_PRODUCT = YES;
			};
			name = Release;
		};
		960A02E715F7371D00BA9EB0 /* Debug */ = {
			isa = XCBuildConfiguration;
			buildSettings = {
				FRAMEWORK_SEARCH_PATHS = (
					"$(inherited)",
					"\"$(SRCROOT)/DoubleDate/Third/Facebook\"",
				);
				GCC_PRECOMPILE_PREFIX_HEADER = YES;
				GCC_PREFIX_HEADER = "DoubleDate/DoubleDate-Prefix.pch";
				HEADER_SEARCH_PATHS = "$(BUILT_PRODUCTS_DIR)/../../Headers";
				INFOPLIST_FILE = "DoubleDate/DoubleDate-Info.plist";
				PRODUCT_NAME = "$(TARGET_NAME)";
				WRAPPER_EXTENSION = app;
			};
			name = Debug;
		};
		960A02E815F7371D00BA9EB0 /* Release */ = {
			isa = XCBuildConfiguration;
			buildSettings = {
				FRAMEWORK_SEARCH_PATHS = (
					"$(inherited)",
					"\"$(SRCROOT)/DoubleDate/Third/Facebook\"",
				);
				GCC_PRECOMPILE_PREFIX_HEADER = YES;
				GCC_PREFIX_HEADER = "DoubleDate/DoubleDate-Prefix.pch";
				HEADER_SEARCH_PATHS = "$(BUILT_PRODUCTS_DIR)/../../Headers";
				INFOPLIST_FILE = "DoubleDate/DoubleDate-Info.plist";
				PRODUCT_NAME = "$(TARGET_NAME)";
				WRAPPER_EXTENSION = app;
			};
			name = Release;
		};
/* End XCBuildConfiguration section */

/* Begin XCConfigurationList section */
		960A02C215F7371C00BA9EB0 /* Build configuration list for PBXProject "DoubleDate" */ = {
			isa = XCConfigurationList;
			buildConfigurations = (
				960A02E415F7371D00BA9EB0 /* Debug */,
				960A02E515F7371D00BA9EB0 /* Release */,
			);
			defaultConfigurationIsVisible = 0;
			defaultConfigurationName = Release;
		};
		960A02E615F7371D00BA9EB0 /* Build configuration list for PBXNativeTarget "DoubleDate" */ = {
			isa = XCConfigurationList;
			buildConfigurations = (
				960A02E715F7371D00BA9EB0 /* Debug */,
				960A02E815F7371D00BA9EB0 /* Release */,
			);
			defaultConfigurationIsVisible = 0;
			defaultConfigurationName = Release;
		};
/* End XCConfigurationList section */
	};
	rootObject = 960A02BF15F7371C00BA9EB0 /* Project object */;
}
